{
  "projects": [
    {
      "projectId": "YUiM7yqBWAqsh8KSnrdj7",
      "version": "0.10.0",
      "dependencies": {},
      "lang": "js",
      "fileLocks": [
        {
          "assetId": "YUiM7yqBWAqsh8KSnrdj7",
          "type": "projectCss",
          "checksum": "6be9dbec891937cda3b59d2fd3c44796"
        }
      ],
      "codegenVersion": "0.0.1"
    },
    {
      "projectId": "28Ba3BDvRe7EiWdfFNnLB6",
      "version": "2.12.2",
      "dependencies": {},
      "lang": "js",
      "fileLocks": [
        {
          "assetId": "28Ba3BDvRe7EiWdfFNnLB6",
          "type": "projectCss",
          "checksum": "740650b05472db4e42801b334405144a"
        }
      ],
      "codegenVersion": "0.0.1"
    },
    {
      "projectId": "nFjNKQj52vQ71pvQo3gqEb",
      "version": "latest",
      "dependencies": {
        "28Ba3BDvRe7EiWdfFNnLB6": "2.12.2",
        "YUiM7yqBWAqsh8KSnrdj7": "0.10.0"
      },
      "lang": "js",
      "fileLocks": [
        {
          "type": "globalVariant",
          "assetId": "6HrcQSCevL9L7",
          "checksum": "9ff5969eadea59961e870ed8ae16c325"
        },
        {
          "assetId": "nFjNKQj52vQ71pvQo3gqEb",
          "type": "projectCss",
          "checksum": "448e2865d169270b6e03a27ab819dbfe"
        },
        {
          "type": "renderModule",
          "assetId": "Olm3_ykywBLmU",
          "checksum": "d9285557318d6a68dca7790a991883f4"
        },
        {
          "type": "cssRules",
          "assetId": "Olm3_ykywBLmU",
          "checksum": "d9285557318d6a68dca7790a991883f4"
        },
        {
          "type": "renderModule",
          "assetId": "L5S88iS9grPbp",
          "checksum": "38a442f88abd279d465bfb6c286d966d"
        },
        {
          "type": "cssRules",
          "assetId": "L5S88iS9grPbp",
          "checksum": "38a442f88abd279d465bfb6c286d966d"
        },
        {
          "type": "renderModule",
          "assetId": "Zkw7kzOJlBe",
          "checksum": "b62ff40f5093593790c5f3a74b406d47"
        },
        {
          "type": "cssRules",
          "assetId": "Zkw7kzOJlBe",
          "checksum": "b62ff40f5093593790c5f3a74b406d47"
        },
        {
          "type": "renderModule",
          "assetId": "9-EOg_PHTe",
          "checksum": "4a9396efe2a05530036f2055d0720f14"
        },
        {
          "type": "cssRules",
          "assetId": "9-EOg_PHTe",
          "checksum": "4a9396efe2a05530036f2055d0720f14"
        },
        {
          "type": "renderModule",
          "assetId": "MtTa4bSigdn",
          "checksum": "d758fc72ce1d2e8dc64d4d061c8ac534"
        },
        {
          "type": "cssRules",
          "assetId": "MtTa4bSigdn",
          "checksum": "d758fc72ce1d2e8dc64d4d061c8ac534"
        },
        {
          "type": "renderModule",
          "assetId": "Y89cMq9IGP",
          "checksum": "3be8e5d5e59062b20fda96c4af30e00a"
        },
        {
          "type": "cssRules",
          "assetId": "Y89cMq9IGP",
          "checksum": "3be8e5d5e59062b20fda96c4af30e00a"
        },
        {
          "type": "renderModule",
          "assetId": "2MVK-CXBu7v",
          "checksum": "1d5616a5396f7b232151a46cbdb6fb97"
        },
        {
          "type": "cssRules",
          "assetId": "2MVK-CXBu7v",
          "checksum": "1d5616a5396f7b232151a46cbdb6fb97"
        },
        {
          "type": "renderModule",
          "assetId": "Ik5poxetv42",
          "checksum": "c040892fc218107577b2819714eb9f63"
        },
        {
          "type": "cssRules",
          "assetId": "Ik5poxetv42",
          "checksum": "c040892fc218107577b2819714eb9f63"
        },
        {
          "type": "renderModule",
          "assetId": "smr2aM6927y",
          "checksum": "debbc717ae24f48b233e69af9b4262de"
        },
        {
          "type": "cssRules",
          "assetId": "smr2aM6927y",
          "checksum": "debbc717ae24f48b233e69af9b4262de"
        },
        {
          "type": "renderModule",
          "assetId": "p-NMYh8z2rW",
          "checksum": "77e784f17339265d214addc2f70b17fe"
        },
        {
          "type": "cssRules",
          "assetId": "p-NMYh8z2rW",
          "checksum": "77e784f17339265d214addc2f70b17fe"
        },
        {
          "type": "icon",
          "assetId": "2-_vXfItSmLIN",
          "checksum": "a84bf17b5b35fd8bc0fd8d0226703177"
        },
        {
          "type": "icon",
          "assetId": "klSCQ_EvJMP-9",
          "checksum": "27479bafa0e5427e7be4067a3ddb627f"
        },
        {
          "type": "icon",
          "assetId": "sZNC9oCsdRQsm",
          "checksum": "57798e3067d0a710ff5d5aa0d8f70f9a"
        },
        {
          "type": "icon",
          "assetId": "6_5mJVAw_mw",
          "checksum": "cd070a06b3c89cbd4b35cac50d075ec4"
        },
        {
          "type": "icon",
          "assetId": "KwkIsDYGZW-",
          "checksum": "d092197fde9292f38a908aab587df7e3"
        },
        {
          "type": "icon",
          "assetId": "SUCfj9fkYjxW",
          "checksum": "e576f4a41c1e7e241c80bb0145bf79ec"
        },
        {
          "type": "icon",
          "assetId": "XF0g4WatqUf",
          "checksum": "28f2035e15cbb9d84244383a36651835"
        },
        {
          "type": "icon",
          "assetId": "uNoMhB7ssco",
          "checksum": "50e046c2020b3a0b9aa3b16230a37df8"
        },
        {
          "type": "icon",
          "assetId": "G7qwxSvHgvR",
          "checksum": "ca5197ebba9519e6567ee6bb5f52cff7"
        },
        {
          "type": "icon",
          "assetId": "Z1KZXk77Wzq",
          "checksum": "dc0ea5975bb3f9d327b408a21f6d4043"
        },
        {
          "type": "icon",
          "assetId": "AWJIE_47fRh",
          "checksum": "226985b166353d1bebdad116c31c2efa"
        },
        {
          "type": "icon",
          "assetId": "xsjOeRsaZYU",
          "checksum": "00424f8231d69e1ce5f7bab960a0d5da"
        },
        {
          "type": "icon",
          "assetId": "HkdywyjX_0b",
          "checksum": "6450a475f8c5e20c286ee1d209c8f539"
        },
        {
          "type": "icon",
          "assetId": "wtE3ARFhA0u",
          "checksum": "663f8f14dff79b2c4a457d1bf73c7ea7"
        },
        {
          "type": "icon",
          "assetId": "tqbki-XMdgZ",
          "checksum": "e1741b8050f55e19f50764311fbd7b01"
        },
        {
          "type": "icon",
          "assetId": "RR043vXfSL5",
          "checksum": "f886695c56fd559e425cf6abeb77a2a4"
        },
        {
          "type": "image",
          "assetId": "7pzoQMtZs7B",
          "checksum": "161527a59085238391b94f5496486eff"
        },
        {
          "type": "image",
          "assetId": "Ahd7NWzo-QF3",
          "checksum": "c138cd6da669641b754b713e92847377"
        },
        {
          "type": "image",
          "assetId": "htVwwQd62mW7",
          "checksum": "79d9b799f244a38e939fc219422ba547"
        },
        {
          "type": "image",
          "assetId": "PpklwZgUcpQV",
          "checksum": "78bd724df68579d0b03805d74cdfe69c"
        },
        {
          "type": "image",
          "assetId": "3C4nP5cHYOop",
          "checksum": "24be115401ddb4e3a6184f739cfa8214"
        },
        {
          "type": "image",
          "assetId": "OVygv9hrWfDH",
          "checksum": "2a074744765da4ba11829d4ea4b25d6d"
        },
        {
          "type": "image",
          "assetId": "Ik2cArmzW_Qy",
          "checksum": "ea3891c692498ab3a8a40c1031d49aca"
        },
        {
          "type": "image",
          "assetId": "2BI8j1OwOy0W",
          "checksum": "ab85d1af9bd8ce72f851351d733de425"
        },
        {
          "type": "image",
          "assetId": "YxN5CO7gJOsT",
          "checksum": "756fe098b0e0ff9259f49b8f31de86c1"
        },
        {
          "type": "image",
          "assetId": "T76-tTvbCOPI",
          "checksum": "0cbbfca4f2f0bf1dc4a79f4b909f3e0f"
        },
        {
          "type": "image",
          "assetId": "WZIfQTpXblST",
          "checksum": "5f60a9d1ece47316f14b6f25502a90ea"
        },
        {
          "type": "image",
          "assetId": "hwkDjErVT346",
          "checksum": "bc4cd0f52ce6d14d0216eb8ef39c4402"
        },
        {
          "type": "image",
          "assetId": "eufzf6jje6kw",
          "checksum": "a46758d9a4bcaac592a9ad22bb2ef900"
        },
        {
          "type": "image",
          "assetId": "JmdCN5tob_65",
          "checksum": "794d9fc73e69651c6df38d4f4d790394"
        },
        {
          "type": "image",
          "assetId": "xrEhyiB12CQe",
          "checksum": "cf042c30bb5d54726ffe753f8fe4b3db"
        },
        {
          "type": "image",
          "assetId": "WRLTnnPV4BqA",
          "checksum": "6fb920877394888bb8f9dd3828fb2463"
        },
        {
          "type": "image",
          "assetId": "MlPbdX3f8UHU",
          "checksum": "34c56106e203900e68a6e097deef884c"
        },
        {
          "type": "image",
          "assetId": "AfrRYsZrvkXH",
          "checksum": "6eb558285a41d13849ea622773d9eb8c"
        },
        {
          "type": "image",
          "assetId": "7j1l6B8Xye7h",
          "checksum": "0a1a3458e25b2cdc169e518c5fd78850"
        },
        {
          "type": "image",
          "assetId": "S5WcTV5taeBO",
          "checksum": "096d0908c6ade79dfe052a6ae2200758"
        },
        {
          "type": "image",
          "assetId": "o-uHf5GD1",
          "checksum": "e2cd3ad654d4fdf975892a0321a14556"
        },
        {
          "type": "image",
          "assetId": "C6_6jSp4o7",
          "checksum": "a034e5f2a08252b94907863d74e1c536"
        },
        {
          "type": "image",
          "assetId": "2RACVvLDUP",
          "checksum": "3119019c497b3d39e4f601d9c5d2c731"
        },
        {
          "type": "image",
          "assetId": "VcyZTGJAFW",
          "checksum": "1a03b516191170c867a4dc93fffa02f5"
        },
        {
          "type": "image",
          "assetId": "hBCYMmIHOD",
          "checksum": "d97809054aeef2bb970ee3a9e49581a4"
        },
        {
          "type": "image",
          "assetId": "c9Hh70lmP8",
          "checksum": "f5e039667b04ca7a3f2f1099be5f3ff3"
        },
        {
          "type": "image",
          "assetId": "JxlmG0tLqP",
          "checksum": "5fbbcaf95d226f73ae3422385d073520"
        },
        {
          "type": "image",
          "assetId": "LYqGMbLpoD",
          "checksum": "fc6c1b1dd9a2d8ecb917e3b5d5bd4675"
        },
        {
          "type": "image",
          "assetId": "uESU78UhnN",
          "checksum": "d55219bcf2636a08ae003143e1f05722"
        },
        {
          "type": "image",
          "assetId": "ATfwXSX6th",
          "checksum": "e0a234423ce00e54cf18eed82f7fcf05"
        },
        {
          "type": "image",
          "assetId": "lNO6Pk_OG-",
          "checksum": "67afc31393331b374655f760687072e8"
        },
        {
          "type": "image",
          "assetId": "2ykYnpxb4f",
          "checksum": "b04fcb4769a040be072fb3ef1bb1356c"
        },
        {
          "type": "image",
          "assetId": "doCsmAQE06",
          "checksum": "ff4b6c23edaa5d499ded69530a6ffb87"
        },
        {
          "type": "image",
          "assetId": "kRj7VvH8QT",
          "checksum": "02e6c112fb2353976967af8da515e19f"
        },
        {
          "type": "image",
          "assetId": "cavrhwgYPE",
          "checksum": "98f2d9cd0803b7975d06bcfca7d3b8c4"
        },
        {
          "type": "image",
          "assetId": "jty874i8tM",
          "checksum": "b34cc13fd0f71d56be04dfe3ee2767a0"
        },
        {
          "type": "image",
          "assetId": "89srx7NDV86",
          "checksum": "f824bb5a032458d3291abc410df7ca17"
        },
        {
          "type": "image",
          "assetId": "8t_A5t29I3M",
          "checksum": "bc8afdb092ed04845eca903882da593c"
        },
        {
          "type": "image",
          "assetId": "W9zP9dUaIuT",
          "checksum": "e9349e6f91eebea4f5a87af39345f3a1"
        },
        {
          "type": "image",
          "assetId": "nJFEMSDKcXw",
          "checksum": "8647166b21ba1516f693a7e63e793b7e"
        },
        {
          "type": "image",
          "assetId": "V5ADj4V6z9i",
          "checksum": "96bef620fd216dcd3fefe94eb70ecd86"
        },
        {
          "type": "image",
          "assetId": "CDeLRjSyJqx",
          "checksum": "f15d6fe6186349f19e39028ae0b56c90"
        },
        {
          "type": "image",
          "assetId": "1jzadiWRtpu",
          "checksum": "eea3f36137e7ffd14fb3a6824d383ef1"
        },
        {
          "type": "image",
          "assetId": "FXGeZj8MX",
          "checksum": "1a61aa1b18041cb6e555d33944d1270c"
        },
        {
          "type": "image",
          "assetId": "wrEv6clFS",
          "checksum": "fe030ff227454db929fdbd19c9641895"
        },
        {
          "type": "image",
          "assetId": "LfH9JXXlO",
          "checksum": "da8a3eb0279cdf91a926f49482462382"
        },
        {
          "type": "image",
          "assetId": "pYo0hmGr5",
          "checksum": "528f9f1ed0bef56f94f79e5bf1744d0d"
        },
        {
          "type": "image",
          "assetId": "kILeJVjuw",
          "checksum": "73508ab119b1274c05d441b1aee25325"
        },
        {
          "type": "image",
          "assetId": "937tBQM2c",
          "checksum": "044c1cee727a194a00fc8f0d3cdf42b5"
        }
      ],
      "codegenVersion": "0.0.1"
    }
  ],
  "cliVersion": "0.1.211"
}
